
Microsoft Visual Studio Solution File, Format Version 12.00
# Visual Studio Version 17
VisualStudioVersion = 17.5.33530.505
MinimumVisualStudioVersion = 10.0.40219.1
Project("{9A19103F-16F7-4668-BE54-9A1E7A4F7556}") = "GreatWeb", "GreatWeb\GreatWeb.csproj", "{3C1ADFB5-C024-4601-83A3-10C0D3C27382}"
EndProject
Project("{FAE04EC0-301F-11D3-BF4B-00C04F79EFBC}") = "Great.DataAccess", "Great.DataAccess\Great.DataAccess.csproj", "{18A40C47-7073-44D2-BA3F-F804A66EB2F2}"
EndProject
Project("{FAE04EC0-301F-11D3-BF4B-00C04F79EFBC}") = "Great.Models", "Great.Models\Great.Models.csproj", "{BE9485D8-5B2F-4235-9022-50147BC53DA2}"
EndProject
Project("{FAE04EC0-301F-11D3-BF4B-00C04F79EFBC}") = "Great.Utility", "Great.Utility\Great.Utility.csproj", "{78373BA7-2DA7-4B5E-BA92-25EEFDCD9688}"
EndProject
Global
	GlobalSection(SolutionConfigurationPlatforms) = preSolution
		Debug|Any CPU = Debug|Any CPU
		Release|Any CPU = Release|Any CPU
	EndGlobalSection
	GlobalSection(ProjectConfigurationPlatforms) = postSolution
		{3C1ADFB5-C024-4601-83A3-10C0D3C27382}.Debug|Any CPU.ActiveCfg = Debug|Any CPU
		{3C1ADFB5-C024-4601-83A3-10C0D3C27382}.Debug|Any CPU.Build.0 = Debug|Any CPU
		{3C1ADFB5-C024-4601-83A3-10C0D3C27382}.Release|Any CPU.ActiveCfg = Release|Any CPU
		{3C1ADFB5-C024-4601-83A3-10C0D3C27382}.Release|Any CPU.Build.0 = Release|Any CPU
		{18A40C47-7073-44D2-BA3F-F804A66EB2F2}.Debug|Any CPU.ActiveCfg = Debug|Any CPU
		{18A40C47-7073-44D2-BA3F-F804A66EB2F2}.Debug|Any CPU.Build.0 = Debug|Any CPU
		{18A40C47-7073-44D2-BA3F-F804A66EB2F2}.Release|Any CPU.ActiveCfg = Release|Any CPU
		{18A40C47-7073-44D2-BA3F-F804A66EB2F2}.Release|Any CPU.Build.0 = Release|Any CPU
		{BE9485D8-5B2F-4235-9022-50147BC53DA2}.Debug|Any CPU.ActiveCfg = Debug|Any CPU
		{BE9485D8-5B2F-4235-9022-50147BC53DA2}.Debug|Any CPU.Build.0 = Debug|Any CPU
		{BE9485D8-5B2F-4235-9022-50147BC53DA2}.Release|Any CPU.ActiveCfg = Release|Any CPU
		{BE9485D8-5B2F-4235-9022-50147BC53DA2}.Release|Any CPU.Build.0 = Release|Any CPU
		{78373BA7-2DA7-4B5E-BA92-25EEFDCD9688}.Debug|Any CPU.ActiveCfg = Debug|Any CPU
		{78373BA7-2DA7-4B5E-BA92-25EEFDCD9688}.Debug|Any CPU.Build.0 = Debug|Any CPU
		{78373BA7-2DA7-4B5E-BA92-25EEFDCD9688}.Release|Any CPU.ActiveCfg = Release|Any CPU
		{78373BA7-2DA7-4B5E-BA92-25EEFDCD9688}.Release|Any CPU.Build.0 = Release|Any CPU
	EndGlobalSection
	GlobalSection(SolutionProperties) = preSolution
		HideSolutionNode = FALSE
	EndGlobalSection
	GlobalSection(ExtensibilityGlobals) = postSolution
		SolutionGuid = {50492E75-9C6A-4C91-9790-E8405B0AA322}
	EndGlobalSection
EndGlobal
